// !$*UTF8*$!
{
	archiveVersion = 1;
	classes = {
	};
	objectVersion = 46;
	objects = {

/* Begin PBXBuildFile section */
		A27B57801C446869003AC95E /* main.m in Sources */ = {isa = PBXBuildFile; fileRef = A27B577F1C446869003AC95E /* main.m */; };
		A27B57831C446869003AC95E /* AppDelegate.m in Sources */ = {isa = PBXBuildFile; fileRef = A27B57821C446869003AC95E /* AppDelegate.m */; };
		A27B57891C446869003AC95E /* Main.storyboard in Resources */ = {isa = PBXBuildFile; fileRef = A27B57871C446869003AC95E /* Main.storyboard */; };
		A27B578B1C446869003AC95E /* Assets.xcassets in Resources */ = {isa = PBXBuildFile; fileRef = A27B578A1C446869003AC95E /* Assets.xcassets */; };
		A27B578E1C446869003AC95E /* LaunchScreen.storyboard in Resources */ = {isa = PBXBuildFile; fileRef = A27B578C1C446869003AC95E /* LaunchScreen.storyboard */; };
		A27B57971C4468AB003AC95E /* MainViewController.m in Sources */ = {isa = PBXBuildFile; fileRef = A27B57961C4468AB003AC95E /* MainViewController.m */; };
		A27B579A1C4469A1003AC95E /* EnterNameViewController.m in Sources */ = {isa = PBXBuildFile; fileRef = A27B57991C4469A1003AC95E /* EnterNameViewController.m */; };
		A27B579D1C446A51003AC95E /* EnterAdjectiveViewController.m in Sources */ = {isa = PBXBuildFile; fileRef = A27B579C1C446A51003AC95E /* EnterAdjectiveViewController.m */; };
		A27B57A01C446AD6003AC95E /* ResultsViewController.m in Sources */ = {isa = PBXBuildFile; fileRef = A27B579F1C446AD6003AC95E /* ResultsViewController.m */; };
		A27B57A31C447B12003AC95E /* EnterAnotherAdjectiveViewController.m in Sources */ = {isa = PBXBuildFile; fileRef = A27B57A21C447B12003AC95E /* EnterAnotherAdjectiveViewController.m */; };
		A27B57A61C447B6A003AC95E /* OneMoreAdjectiveViewController.m in Sources */ = {isa = PBXBuildFile; fileRef = A27B57A51C447B6A003AC95E /* OneMoreAdjectiveViewController.m */; };
		A2A00B881C45679C00BE3417 /* Story.m in Sources */ = {isa = PBXBuildFile; fileRef = A2A00B871C45679C00BE3417 /* Story.m */; };
/* End PBXBuildFile section */

/* Begin PBXFileReference section */
		A27B577B1C446869003AC95E /* Wordplay.app */ = {isa = PBXFileReference; explicitFileType = wrapper.application; includeInIndex = 0; path = Wordplay.app; sourceTree = BUILT_PRODUCTS_DIR; };
		A27B577F1C446869003AC95E /* main.m */ = {isa = PBXFileReference; lastKnownFileType = sourcecode.c.objc; path = main.m; sourceTree = "<group>"; };
		A27B57811C446869003AC95E /* AppDelegate.h */ = {isa = PBXFileReference; lastKnownFileType = sourcecode.c.h; path = AppDelegate.h; sourceTree = "<group>"; };
		A27B57821C446869003AC95E /* AppDelegate.m */ = {isa = PBXFileReference; lastKnownFileType = sourcecode.c.objc; path = AppDelegate.m; sourceTree = "<group>"; };
		A27B57881C446869003AC95E /* Base */ = {isa = PBXFileReference; lastKnownFileType = file.storyboard; name = Base; path = Base.lproj/Main.storyboard; sourceTree = "<group>"; };
		A27B578A1C446869003AC95E /* Assets.xcassets */ = {isa = PBXFileReference; lastKnownFileType = folder.assetcatalog; path = Assets.xcassets; sourceTree = "<group>"; };
		A27B578D1C446869003AC95E /* Base */ = {isa = PBXFileReference; lastKnownFileType = file.storyboard; name = Base; path = Base.lproj/LaunchScreen.storyboard; sourceTree = "<group>"; };
		A27B578F1C446869003AC95E /* Info.plist */ = {isa = PBXFileReference; lastKnownFileType = text.plist.xml; path = Info.plist; sourceTree = "<group>"; };
		A27B57951C4468AB003AC95E /* MainViewController.h */ = {isa = PBXFileReference; fileEncoding = 4; lastKnownFileType = sourcecode.c.h; name = MainViewController.h; path = ../MainViewController.h; sourceTree = "<group>"; };
		A27B57961C4468AB003AC95E /* MainViewController.m */ = {isa = PBXFileReference; fileEncoding = 4; lastKnownFileType = sourcecode.c.objc; name = MainViewController.m; path = ../MainViewController.m; sourceTree = "<group>"; };
		A27B57981C4469A1003AC95E /* EnterNameViewController.h */ = {isa = PBXFileReference; fileEncoding = 4; lastKnownFileType = sourcecode.c.h; path = EnterNameViewController.h; sourceTree = "<group>"; };
		A27B57991C4469A1003AC95E /* EnterNameViewController.m */ = {isa = PBXFileReference; fileEncoding = 4; lastKnownFileType = sourcecode.c.objc; path = EnterNameViewController.m; sourceTree = "<group>"; };
		A27B579B1C446A51003AC95E /* EnterAdjectiveViewController.h */ = {isa = PBXFileReference; fileEncoding = 4; lastKnownFileType = sourcecode.c.h; path = EnterAdjectiveViewController.h; sourceTree = "<group>"; };
		A27B579C1C446A51003AC95E /* EnterAdjectiveViewController.m */ = {isa = PBXFileReference; fileEncoding = 4; lastKnownFileType = sourcecode.c.objc; path = EnterAdjectiveViewController.m; sourceTree = "<group>"; };
		A27B579E1C446AD6003AC95E /* ResultsViewController.h */ = {isa = PBXFileReference; fileEncoding = 4; lastKnownFileType = sourcecode.c.h; path = ResultsViewController.h; sourceTree = "<group>"; };
		A27B579F1C446AD6003AC95E /* ResultsViewController.m */ = {isa = PBXFileReference; fileEncoding = 4; lastKnownFileType = sourcecode.c.objc; path = ResultsViewController.m; sourceTree = "<group>"; };
		A27B57A11C447B12003AC95E /* EnterAnotherAdjectiveViewController.h */ = {isa = PBXFileReference; fileEncoding = 4; lastKnownFileType = sourcecode.c.h; path = EnterAnotherAdjectiveViewController.h; sourceTree = "<group>"; };
		A27B57A21C447B12003AC95E /* EnterAnotherAdjectiveViewController.m */ = {isa = PBXFileReference; fileEncoding = 4; lastKnownFileType = sourcecode.c.objc; path = EnterAnotherAdjectiveViewController.m; sourceTree = "<group>"; };
		A27B57A41C447B6A003AC95E /* OneMoreAdjectiveViewController.h */ = {isa = PBXFileReference; fileEncoding = 4; lastKnownFileType = sourcecode.c.h; path = OneMoreAdjectiveViewController.h; sourceTree = "<group>"; };
		A27B57A51C447B6A003AC95E /* OneMoreAdjectiveViewController.m */ = {isa = PBXFileReference; fileEncoding = 4; lastKnownFileType = sourcecode.c.objc; path = OneMoreAdjectiveViewController.m; sourceTree = "<group>"; };
		A2A00B861C45679C00BE3417 /* Story.h */ = {isa = PBXFileReference; fileEncoding = 4; lastKnownFileType = sourcecode.c.h; path = Story.h; sourceTree = "<group>"; };
		A2A00B871C45679C00BE3417 /* Story.m */ = {isa = PBXFileReference; fileEncoding = 4; lastKnownFileType = sourcecode.c.objc; path = Story.m; sourceTree = "<group>"; };
/* End PBXFileReference section */

/* Begin PBXFrameworksBuildPhase section */
		A27B57781C446869003AC95E /* Frameworks */ = {
			isa = PBXFrameworksBuildPhase;
			buildActionMask = 2147483647;
			files = (
			);
			runOnlyForDeploymentPostprocessing = 0;
		};
/* End PBXFrameworksBuildPhase section */

/* Begin PBXGroup section */
		A27B57721C446869003AC95E = {
			isa = PBXGroup;
			children = (
				A27B577D1C446869003AC95E /* Wordplay */,
				A27B577C1C446869003AC95E /* Products */,
			);
			sourceTree = "<group>";
		};
		A27B577C1C446869003AC95E /* Products */ = {
			isa = PBXGroup;
			children = (
				A27B577B1C446869003AC95E /* Wordplay.app */,
			);
			name = Products;
			sourceTree = "<group>";
		};
		A27B577D1C446869003AC95E /* Wordplay */ = {
			isa = PBXGroup;
			children = (
				A27B57811C446869003AC95E /* AppDelegate.h */,
				A27B57821C446869003AC95E /* AppDelegate.m */,
				A27B57871C446869003AC95E /* Main.storyboard */,
				A2A00B861C45679C00BE3417 /* Story.h */,
				A2A00B871C45679C00BE3417 /* Story.m */,
				A27B579E1C446AD6003AC95E /* ResultsViewController.h */,
				A27B579F1C446AD6003AC95E /* ResultsViewController.m */,
				A27B57A41C447B6A003AC95E /* OneMoreAdjectiveViewController.h */,
				A27B57A51C447B6A003AC95E /* OneMoreAdjectiveViewController.m */,
				A27B57A11C447B12003AC95E /* EnterAnotherAdjectiveViewController.h */,
				A27B57A21C447B12003AC95E /* EnterAnotherAdjectiveViewController.m */,
				A27B579B1C446A51003AC95E /* EnterAdjectiveViewController.h */,
				A27B579C1C446A51003AC95E /* EnterAdjectiveViewController.m */,
				A27B57981C4469A1003AC95E /* EnterNameViewController.h */,
				A27B57991C4469A1003AC95E /* EnterNameViewController.m */,
				A27B57951C4468AB003AC95E /* MainViewController.h */,
				A27B57961C4468AB003AC95E /* MainViewController.m */,
				A27B578A1C446869003AC95E /* Assets.xcassets */,
				A27B578C1C446869003AC95E /* LaunchScreen.storyboard */,
				A27B578F1C446869003AC95E /* Info.plist */,
				A27B577E1C446869003AC95E /* Supporting Files */,
			);
			path = Wordplay;
			sourceTree = "<group>";
		};
		A27B577E1C446869003AC95E /* Supporting Files */ = {
			isa = PBXGroup;
			children = (
				A27B577F1C446869003AC95E /* main.m */,
			);
			name = "Supporting Files";
			sourceTree = "<group>";
		};
/* End PBXGroup section */

/* Begin PBXNativeTarget section */
		A27B577A1C446869003AC95E /* Wordplay */ = {
			isa = PBXNativeTarget;
			buildConfigurationList = A27B57921C446869003AC95E /* Build configuration list for PBXNativeTarget "Wordplay" */;
			buildPhases = (
				A27B57771C446869003AC95E /* Sources */,
				A27B57781C446869003AC95E /* Frameworks */,
				A27B57791C446869003AC95E /* Resources */,
			);
			buildRules = (
			);
			dependencies = (
			);
			name = Wordplay;
			productName = Wordplay;
			productReference = A27B577B1C446869003AC95E /* Wordplay.app */;
			productType = "com.apple.product-type.application";
		};
/* End PBXNativeTarget section */

/* Begin PBXProject section */
		A27B57731C446869003AC95E /* Project object */ = {
			isa = PBXProject;
			attributes = {
				LastUpgradeCheck = 0720;
				ORGANIZATIONNAME = "Jerry Lao";
				TargetAttributes = {
					A27B577A1C446869003AC95E = {
						CreatedOnToolsVersion = 7.2;
					};
				};
			};
			buildConfigurationList = A27B57761C446869003AC95E /* Build configuration list for PBXProject "Wordplay" */;
			compatibilityVersion = "Xcode 3.2";
			developmentRegion = English;
			hasScannedForEncodings = 0;
			knownRegions = (
				en,
				Base,
			);
			mainGroup = A27B57721C446869003AC95E;
			productRefGroup = A27B577C1C446869003AC95E /* Products */;
			projectDirPath = "";
			projectRoot = "";
			targets = (
				A27B577A1C446869003AC95E /* Wordplay */,
			);
		};
/* End PBXProject section */

/* Begin PBXResourcesBuildPhase section */
		A27B57791C446869003AC95E /* Resources */ = {
			isa = PBXResourcesBuildPhase;
			buildActionMask = 2147483647;
			files = (
				A27B578E1C446869003AC95E /* LaunchScreen.storyboard in Resources */,
				A27B578B1C446869003AC95E /* Assets.xcassets in Resources */,
				A27B57891C446869003AC95E /* Main.storyboard in Resources */,
			);
			runOnlyForDeploymentPostprocessing = 0;
		};
/* End PBXResourcesBuildPhase section */

/* Begin PBXSourcesBuildPhase section */
		A27B57771C446869003AC95E /* Sources */ = {
			isa = PBXSourcesBuildPhase;
			buildActionMask = 2147483647;
			files = (
				A27B57831C446869003AC95E /* AppDelegate.m in Sources */,
				A27B57A31C447B12003AC95E /* EnterAnotherAdjectiveViewController.m in Sources */,
				A27B57971C4468AB003AC95E /* MainViewController.m in Sources */,
				A2A00B881C45679C00BE3417 /* Story.m in Sources */,
				A27B579D1C446A51003AC95E /* EnterAdjectiveViewController.m in Sources */,
				A27B57A61C447B6A003AC95E /* OneMoreAdjectiveViewController.m in Sources */,
				A27B57A01C446AD6003AC95E /* ResultsViewController.m in Sources */,
				A27B579A1C4469A1003AC95E /* EnterNameViewController.m in Sources */,
				A27B57801C446869003AC95E /* main.m in Sources */,
			);
			runOnlyForDeploymentPostprocessing = 0;
		};
/* End PBXSourcesBuildPhase section */

/* Begin PBXVariantGroup section */
		A27B57871C446869003AC95E /* Main.storyboard */ = {
			isa = PBXVariantGroup;
			children = (
				A27B57881C446869003AC95E /* Base */,
			);
			name = Main.storyboard;
			sourceTree = "<group>";
		};
		A27B578C1C446869003AC95E /* LaunchScreen.storyboard */ = {
			isa = PBXVariantGroup;
			children = (
				A27B578D1C446869003AC95E /* Base */,
			);
			name = LaunchScreen.storyboard;
			sourceTree = "<group>";
		};
/* End PBXVariantGroup section */

/* Begin XCBuildConfiguration section */
		A27B57901C446869003AC95E /* Debug */ = {
			isa = XCBuildConfiguration;
			buildSettings = {
				ALWAYS_SEARCH_USER_PATHS = NO;
				CLANG_CXX_LANGUAGE_STANDARD = "gnu++0x";
				CLANG_CXX_LIBRARY = "libc++";
				CLANG_ENABLE_MODULES = YES;
				CLANG_ENABLE_OBJC_ARC = YES;
				CLANG_WARN_BOOL_CONVERSION = YES;
				CLANG_WARN_CONSTANT_CONVERSION = YES;
				CLANG_WARN_DIRECT_OBJC_ISA_USAGE = YES_ERROR;
				CLANG_WARN_EMPTY_BODY = YES;
				CLANG_WARN_ENUM_CONVERSION = YES;
				CLANG_WARN_INT_CONVERSION = YES;
				CLANG_WARN_OBJC_ROOT_CLASS = YES_ERROR;
				CLANG_WARN_UNREACHABLE_CODE = YES;
				CLANG_WARN__DUPLICATE_METHOD_MATCH = YES;
				"CODE_SIGN_IDENTITY[sdk=iphoneos*]" = "iPhone Developer";
				COPY_PHASE_STRIP = NO;
				DEBUG_INFORMATION_FORMAT = dwarf;
				ENABLE_STRICT_OBJC_MSGSEND = YES;
				ENABLE_TESTABILITY = YES;
				GCC_C_LANGUAGE_STANDARD = gnu99;
				GCC_DYNAMIC_NO_PIC = NO;
				GCC_NO_COMMON_BLOCKS = YES;
				GCC_OPTIMIZATION_LEVEL = 0;
				GCC_PREPROCESSOR_DEFINITIONS = (
					"DEBUG=1",
					"$(inherited)",
				);
				GCC_WARN_64_TO_32_BIT_CONVERSION = YES;
				GCC_WARN_ABOUT_RETURN_TYPE = YES_ERROR;
				GCC_WARN_UNDECLARED_SELECTOR = YES;
				GCC_WARN_UNINITIALIZED_AUTOS = YES_AGGRESSIVE;
				GCC_WARN_UNUSED_FUNCTION = YES;
				GCC_WARN_UNUSED_VARIABLE = YES;
				IPHONEOS_DEPLOYMENT_TARGET = 9.2;
				MTL_ENABLE_DEBUG_INFO = YES;
				ONLY_ACTIVE_ARCH = YES;
				SDKROOT = iphoneos;
			};
			name = Debug;
		};
		A27B57911C446869003AC95E /* Release */ = {
			isa = XCBuildConfiguration;
			buildSettings = {
				ALWAYS_SEARCH_USER_PATHS = NO;
				CLANG_CXX_LANGUAGE_STANDARD = "gnu++0x";
				CLANG_CXX_LIBRARY = "libc++";
				CLANG_ENABLE_MODULES = YES;
				CLANG_ENABLE_OBJC_ARC = YES;
				CLANG_WARN_BOOL_CONVERSION = YES;
				CLANG_WARN_CONSTANT_CONVERSION = YES;
				CLANG_WARN_DIRECT_OBJC_ISA_USAGE = YES_ERROR;
				CLANG_WARN_EMPTY_BODY = YES;
				CLANG_WARN_ENUM_CONVERSION = YES;
				CLANG_WARN_INT_CONVERSION = YES;
				CLANG_WARN_OBJC_ROOT_CLASS = YES_ERROR;
				CLANG_WARN_UNREACHABLE_CODE = YES;
				CLANG_WARN__DUPLICATE_METHOD_MATCH = YES;
				"CODE_SIGN_IDENTITY[sdk=iphoneos*]" = "iPhone Developer";
				COPY_PHASE_STRIP = NO;
				DEBUG_INFORMATION_FORMAT = "dwarf-with-dsym";
				ENABLE_NS_ASSERTIONS = NO;
				ENABLE_STRICT_OBJC_MSGSEND = YES;
				GCC_C_LANGUAGE_STANDARD = gnu99;
				GCC_NO_COMMON_BLOCKS = YES;
				GCC_WARN_64_TO_32_BIT_CONVERSION = YES;
				GCC_WARN_ABOUT_RETURN_TYPE = YES_ERROR;
				GCC_WARN_UNDECLARED_SELECTOR = YES;
				GCC_WARN_UNINITIALIZED_AUTOS = YES_AGGRESSIVE;
				GCC_WARN_UNUSED_FUNCTION = YES;
				GCC_WARN_UNUSED_VARIABLE = YES;
				IPHONEOS_DEPLOYMENT_TARGET = 9.2;
				MTL_ENABLE_DEBUG_INFO = NO;
				SDKROOT = iphoneos;
				VALIDATE_PRODUCT = YES;
			};
			name = Release;
		};
		A27B57931C446869003AC95E /* Debug */ = {
			isa = XCBuildConfiguration;
			buildSettings = {
				ASSETCATALOG_COMPILER_APPICON_NAME = AppIcon;
				INFOPLIST_FILE = Wordplay/Info.plist;
				LD_RUNPATH_SEARCH_PATHS = "$(inherited) @executable_path/Frameworks";
				PRODUCT_BUNDLE_IDENTIFIER = com.jerrylao.Wordplay;
				PRODUCT_NAME = "$(TARGET_NAME)";
			};
			name = Debug;
		};
		A27B57941C446869003AC95E /* Release */ = {
			isa = XCBuildConfiguration;
			buildSettings = {
				ASSETCATALOG_COMPILER_APPICON_NAME = AppIcon;
				INFOPLIST_FILE = Wordplay/Info.plist;
				LD_RUNPATH_SEARCH_PATHS = "$(inherited) @executable_path/Frameworks";
				PRODUCT_BUNDLE_IDENTIFIER = com.jerrylao.Wordplay;
				PRODUCT_NAME = "$(TARGET_NAME)";
			};
			name = Release;
		};
/* End XCBuildConfiguration section */

/* Begin XCConfigurationList section */
		A27B57761C446869003AC95E /* Build configuration list for PBXProject "Wordplay" */ = {
			isa = XCConfigurationList;
			buildConfigurations = (
				A27B57901C446869003AC95E /* Debug */,
				A27B57911C446869003AC95E /* Release */,
			);
			defaultConfigurationIsVisible = 0;
			defaultConfigurationName = Release;
		};
		A27B57921C446869003AC95E /* Build configuration list for PBXNativeTarget "Wordplay" */ = {
			isa = XCConfigurationList;
			buildConfigurations = (
				A27B57931C446869003AC95E /* Debug */,
				A27B57941C446869003AC95E /* Release */,
			);
			defaultConfigurationIsVisible = 0;
			defaultConfigurationName = Release;
		};
/* End XCConfigurationList section */
	};
	rootObject = A27B57731C446869003AC95E /* Project object */;
}
